// !$*UTF8*$!
{
	archiveVersion = 1;
	classes = {
	};
	objectVersion = 77;
	objects = {

/* Begin PBXBuildFile section */
		7D0220582F0D812700C587EA /* ICTMDBHomeModule in Frameworks */ = {isa = PBXBuildFile; productRef = 7D0220572F0D812700C587EA /* ICTMDBHomeModule */; };
		7DDAA16A2EC520C20005D94B /* DependencyKit in Frameworks */ = {isa = PBXBuildFile; productRef = 7DDAA1692EC520C20005D94B /* DependencyKit */; };
		7DDAA1702EC520FF0005D94B /* ICTMDBAllListModule in Frameworks */ = {isa = PBXBuildFile; productRef = 7DDAA16F2EC520FF0005D94B /* ICTMDBAllListModule */; };
		7DDAA1732EC521160005D94B /* ICTMDBDetailModule in Frameworks */ = {isa = PBXBuildFile; productRef = 7DDAA1722EC521160005D94B /* ICTMDBDetailModule */; };
/* End PBXBuildFile section */

/* Begin PBXFileReference section */
		7DA51F172EC51FCF00923D5F /* ICTMDBApp.app */ = {isa = PBXFileReference; explicitFileType = wrapper.application; includeInIndex = 0; path = ICTMDBApp.app; sourceTree = BUILT_PRODUCTS_DIR; };
/* End PBXFileReference section */

/* Begin PBXFileSystemSynchronizedBuildFileExceptionSet section */
		7DDAA1742EC5233D0005D94B /* Exceptions for "ICTMDBApp" folder in "ICTMDBApp" target */ = {
			isa = PBXFileSystemSynchronizedBuildFileExceptionSet;
			membershipExceptions = (
				Info.plist,
			);
			target = 7DA51F162EC51FCF00923D5F /* ICTMDBApp */;
		};
/* End PBXFileSystemSynchronizedBuildFileExceptionSet section */

/* Begin PBXFileSystemSynchronizedRootGroup section */
		7DA51F192EC51FCF00923D5F /* ICTMDBApp */ = {
			isa = PBXFileSystemSynchronizedRootGroup;
			exceptions = (
				7DDAA1742EC5233D0005D94B /* Exceptions for "ICTMDBApp" folder in "ICTMDBApp" target */,
			);
			path = ICTMDBApp;
			sourceTree = "<group>";
		};
/* End PBXFileSystemSynchronizedRootGroup section */

/* Begin PBXFrameworksBuildPhase section */
		7DA51F142EC51FCF00923D5F /* Frameworks */ = {
			isa = PBXFrameworksBuildPhase;
			buildActionMask = 2147483647;
			files = (
				7DDAA1702EC520FF0005D94B /* ICTMDBAllListModule in Frameworks */,
				7DDAA1732EC521160005D94B /* ICTMDBDetailModule in Frameworks */,
				7D0220582F0D812700C587EA /* ICTMDBHomeModule in Frameworks */,
				7DDAA16A2EC520C20005D94B /* DependencyKit in Frameworks */,
			);
			runOnlyForDeploymentPostprocessing = 0;
		};
/* End PBXFrameworksBuildPhase section */

/* Begin PBXGroup section */
		7DA51F0E2EC51FCF00923D5F = {
			isa = PBXGroup;
			children = (
				7DA51F192EC51FCF00923D5F /* ICTMDBApp */,
				7DA51F182EC51FCF00923D5F /* Products */,
			);
			sourceTree = "<group>";
		};
		7DA51F182EC51FCF00923D5F /* Products */ = {
			isa = PBXGroup;
			children = (
				7DA51F172EC51FCF00923D5F /* ICTMDBApp.app */,
			);
			name = Products;
			sourceTree = "<group>";
		};
/* End PBXGroup section */

/* Begin PBXNativeTarget section */
		7DA51F162EC51FCF00923D5F /* ICTMDBApp */ = {
			isa = PBXNativeTarget;
			buildConfigurationList = 7DA51F2A2EC51FD100923D5F /* Build configuration list for PBXNativeTarget "ICTMDBApp" */;
			buildPhases = (
				7DA51F132EC51FCF00923D5F /* Sources */,
				7DA51F142EC51FCF00923D5F /* Frameworks */,
				7DA51F152EC51FCF00923D5F /* Resources */,
			);
			buildRules = (
			);
			dependencies = (
			);
			fileSystemSynchronizedGroups = (
				7DA51F192EC51FCF00923D5F /* ICTMDBApp */,
			);
			name = ICTMDBApp;
			packageProductDependencies = (
				7DDAA1692EC520C20005D94B /* DependencyKit */,
				7DDAA16F2EC520FF0005D94B /* ICTMDBAllListModule */,
				7DDAA1722EC521160005D94B /* ICTMDBDetailModule */,
				7D0220572F0D812700C587EA /* ICTMDBHomeModule */,
			);
			productName = ICTMDBApp;
			productReference = 7DA51F172EC51FCF00923D5F /* ICTMDBApp.app */;
			productType = "com.apple.product-type.application";
		};
/* End PBXNativeTarget section */

/* Begin PBXProject section */
		7DA51F0F2EC51FCF00923D5F /* Project object */ = {
			isa = PBXProject;
			attributes = {
				BuildIndependentTargetsInParallel = 1;
				LastSwiftUpdateCheck = 2600;
				LastUpgradeCheck = 2600;
				TargetAttributes = {
					7DA51F162EC51FCF00923D5F = {
						CreatedOnToolsVersion = 26.0.1;
					};
				};
			};
			buildConfigurationList = 7DA51F122EC51FCF00923D5F /* Build configuration list for PBXProject "ICTMDBApp" */;
			developmentRegion = en;
			hasScannedForEncodings = 0;
			knownRegions = (
				en,
				Base,
			);
			mainGroup = 7DA51F0E2EC51FCF00923D5F;
			minimizedProjectReferenceProxies = 1;
			packageReferences = (
				7DDAA1682EC520C20005D94B /* XCRemoteSwiftPackageReference "HPDependencyKit" */,
				7DDAA16E2EC520FF0005D94B /* XCRemoteSwiftPackageReference "ICTMDBAllListModule" */,
				7DDAA1712EC521160005D94B /* XCRemoteSwiftPackageReference "ICTMDBDetailModule" */,
				7D0220562F0D812700C587EA /* XCRemoteSwiftPackageReference "ICTMDBHomeModule" */,
			);
			preferredProjectObjectVersion = 77;
			productRefGroup = 7DA51F182EC51FCF00923D5F /* Products */;
			projectDirPath = "";
			projectRoot = "";
			targets = (
				7DA51F162EC51FCF00923D5F /* ICTMDBApp */,
			);
		};
/* End PBXProject section */

/* Begin PBXResourcesBuildPhase section */
		7DA51F152EC51FCF00923D5F /* Resources */ = {
			isa = PBXResourcesBuildPhase;
			buildActionMask = 2147483647;
			files = (
			);
			runOnlyForDeploymentPostprocessing = 0;
		};
/* End PBXResourcesBuildPhase section */

/* Begin PBXSourcesBuildPhase section */
		7DA51F132EC51FCF00923D5F /* Sources */ = {
			isa = PBXSourcesBuildPhase;
			buildActionMask = 2147483647;
			files = (
			);
			runOnlyForDeploymentPostprocessing = 0;
		};
/* End PBXSourcesBuildPhase section */

/* Begin XCBuildConfiguration section */
		7DA51F2B2EC51FD100923D5F /* Debug */ = {
			isa = XCBuildConfiguration;
			buildSettings = {
				ASSETCATALOG_COMPILER_APPICON_NAME = AppIcon;
				ASSETCATALOG_COMPILER_GLOBAL_ACCENT_COLOR_NAME = AccentColor;
				CODE_SIGN_STYLE = Automatic;
				CURRENT_PROJECT_VERSION = 1;
				DEVELOPMENT_TEAM = 45DX68AP4J;
				GENERATE_INFOPLIST_FILE = YES;
				INFOPLIST_FILE = ICTMDBApp/Info.plist;
				INFOPLIST_KEY_UIApplicationSupportsIndirectInputEvents = YES;
				INFOPLIST_KEY_UILaunchStoryboardName = LaunchScreen;
				INFOPLIST_KEY_UIStatusBarStyle = "";
				INFOPLIST_KEY_UISupportedInterfaceOrientations = UIInterfaceOrientationPortrait;
				INFOPLIST_KEY_UISupportedInterfaceOrientations_iPad = "UIInterfaceOrientationLandscapeLeft UIInterfaceOrientationLandscapeRight UIInterfaceOrientationPortrait UIInterfaceOrientationPortraitUpsideDown";
				IPHONEOS_DEPLOYMENT_TARGET = 26.0;
				LD_RUNPATH_SEARCH_PATHS = (
					"$(inherited)",
					"@executable_path/Frameworks",
				);
				MARKETING_VERSION = 1.0;
				PRODUCT_BUNDLE_IDENTIFIER = engingulek.ICTMDBApp;
				PRODUCT_NAME = "$(TARGET_NAME)";
				STRING_CATALOG_GENERATE_SYMBOLS = YES;
				SUPPORTED_PLATFORMS = "iphoneos iphonesimulator";
				SUPPORTS_MACCATALYST = NO;
				SUPPORTS_MAC_DESIGNED_FOR_IPHONE_IPAD = NO;
				SUPPORTS_XR_DESIGNED_FOR_IPHONE_IPAD = NO;
				SWIFT_APPROACHABLE_CONCURRENCY = YES;
				SWIFT_DEFAULT_ACTOR_ISOLATION = MainActor;
				SWIFT_EMIT_LOC_STRINGS = YES;
				SWIFT_UPCOMING_FEATURE_MEMBER_IMPORT_VISIBILITY = YES;
				SWIFT_VERSION = 6.0;
				TARGETED_DEVICE_FAMILY = 1;
			};
			name = Debug;
		};
		7DA51F2C2EC51FD100923D5F /* Release */ = {
			isa = XCBuildConfiguration;
			buildSettings = {
				ASSETCATALOG_COMPILER_APPICON_NAME = AppIcon;
				ASSETCATALOG_COMPILER_GLOBAL_ACCENT_COLOR_NAME = AccentColor;
				CODE_SIGN_STYLE = Automatic;
				CURRENT_PROJECT_VERSION = 1;
				DEVELOPMENT_TEAM = 45DX68AP4J;
				GENERATE_INFOPLIST_FILE = YES;
				INFOPLIST_FILE = ICTMDBApp/Info.plist;
				INFOPLIST_KEY_UIApplicationSupportsIndirectInputEvents = YES;
				INFOPLIST_KEY_UILaunchStoryboardName = LaunchScreen;
				INFOPLIST_KEY_UIStatusBarStyle = "";
				INFOPLIST_KEY_UISupportedInterfaceOrientations = UIInterfaceOrientationPortrait;
				INFOPLIST_KEY_UISupportedInterfaceOrientations_iPad = "UIInterfaceOrientationLandscapeLeft UIInterfaceOrientationLandscapeRight UIInterfaceOrientationPortrait UIInterfaceOrientationPortraitUpsideDown";
				IPHONEOS_DEPLOYMENT_TARGET = 26.0;
				LD_RUNPATH_SEARCH_PATHS = (
					"$(inherited)",
					"@executable_path/Frameworks",
				);
				MARKETING_VERSION = 1.0;
				PRODUCT_BUNDLE_IDENTIFIER = engingulek.ICTMDBApp;
				PRODUCT_NAME = "$(TARGET_NAME)";
				STRING_CATALOG_GENERATE_SYMBOLS = YES;
				SUPPORTED_PLATFORMS = "iphoneos iphonesimulator";
				SUPPORTS_MACCATALYST = NO;
				SUPPORTS_MAC_DESIGNED_FOR_IPHONE_IPAD = NO;
				SUPPORTS_XR_DESIGNED_FOR_IPHONE_IPAD = NO;
				SWIFT_APPROACHABLE_CONCURRENCY = YES;
				SWIFT_DEFAULT_ACTOR_ISOLATION = MainActor;
				SWIFT_EMIT_LOC_STRINGS = YES;
				SWIFT_UPCOMING_FEATURE_MEMBER_IMPORT_VISIBILITY = YES;
				SWIFT_VERSION = 6.0;
				TARGETED_DEVICE_FAMILY = 1;
			};
			name = Release;
		};
		7DA51F2D2EC51FD100923D5F /* Debug */ = {
			isa = XCBuildConfiguration;
			buildSettings = {
				ALWAYS_SEARCH_USER_PATHS = NO;
				ASSETCATALOG_COMPILER_GENERATE_SWIFT_ASSET_SYMBOL_EXTENSIONS = YES;
				CLANG_ANALYZER_NONNULL = YES;
				CLANG_ANALYZER_NUMBER_OBJECT_CONVERSION = YES_AGGRESSIVE;
				CLANG_CXX_LANGUAGE_STANDARD = "gnu++20";
				CLANG_ENABLE_MODULES = YES;
				CLANG_ENABLE_OBJC_ARC = YES;
				CLANG_ENABLE_OBJC_WEAK = YES;
				CLANG_WARN_BLOCK_CAPTURE_AUTORELEASING = YES;
				CLANG_WARN_BOOL_CONVERSION = YES;
				CLANG_WARN_COMMA = YES;
				CLANG_WARN_CONSTANT_CONVERSION = YES;
				CLANG_WARN_DEPRECATED_OBJC_IMPLEMENTATIONS = YES;
				CLANG_WARN_DIRECT_OBJC_ISA_USAGE = YES_ERROR;
				CLANG_WARN_DOCUMENTATION_COMMENTS = YES;
				CLANG_WARN_EMPTY_BODY = YES;
				CLANG_WARN_ENUM_CONVERSION = YES;
				CLANG_WARN_INFINITE_RECURSION = YES;
				CLANG_WARN_INT_CONVERSION = YES;
				CLANG_WARN_NON_LITERAL_NULL_CONVERSION = YES;
				CLANG_WARN_OBJC_IMPLICIT_RETAIN_SELF = YES;
				CLANG_WARN_OBJC_LITERAL_CONVERSION = YES;
				CLANG_WARN_OBJC_ROOT_CLASS = YES_ERROR;
				CLANG_WARN_QUOTED_INCLUDE_IN_FRAMEWORK_HEADER = YES;
				CLANG_WARN_RANGE_LOOP_ANALYSIS = YES;
				CLANG_WARN_STRICT_PROTOTYPES = YES;
				CLANG_WARN_SUSPICIOUS_MOVE = YES;
				CLANG_WARN_UNGUARDED_AVAILABILITY = YES_AGGRESSIVE;
				CLANG_WARN_UNREACHABLE_CODE = YES;
				CLANG_WARN__DUPLICATE_METHOD_MATCH = YES;
				COPY_PHASE_STRIP = NO;
				DEBUG_INFORMATION_FORMAT = dwarf;
				DEVELOPMENT_TEAM = 45DX68AP4J;
				ENABLE_STRICT_OBJC_MSGSEND = YES;
				ENABLE_TESTABILITY = YES;
				ENABLE_USER_SCRIPT_SANDBOXING = YES;
				GCC_C_LANGUAGE_STANDARD = gnu17;
				GCC_DYNAMIC_NO_PIC = NO;
				GCC_NO_COMMON_BLOCKS = YES;
				GCC_OPTIMIZATION_LEVEL = 0;
				GCC_PREPROCESSOR_DEFINITIONS = (
					"DEBUG=1",
					"$(inherited)",
				);
				GCC_WARN_64_TO_32_BIT_CONVERSION = YES;
				GCC_WARN_ABOUT_RETURN_TYPE = YES_ERROR;
				GCC_WARN_UNDECLARED_SELECTOR = YES;
				GCC_WARN_UNINITIALIZED_AUTOS = YES_AGGRESSIVE;
				GCC_WARN_UNUSED_FUNCTION = YES;
				GCC_WARN_UNUSED_VARIABLE = YES;
				IPHONEOS_DEPLOYMENT_TARGET = 26.0;
				LOCALIZATION_PREFERS_STRING_CATALOGS = YES;
				MTL_ENABLE_DEBUG_INFO = INCLUDE_SOURCE;
				MTL_FAST_MATH = YES;
				ONLY_ACTIVE_ARCH = YES;
				SDKROOT = iphoneos;
				SWIFT_ACTIVE_COMPILATION_CONDITIONS = "DEBUG $(inherited)";
				SWIFT_OPTIMIZATION_LEVEL = "-Onone";
			};
			name = Debug;
		};
		7DA51F2E2EC51FD100923D5F /* Release */ = {
			isa = XCBuildConfiguration;
			buildSettings = {
				ALWAYS_SEARCH_USER_PATHS = NO;
				ASSETCATALOG_COMPILER_GENERATE_SWIFT_ASSET_SYMBOL_EXTENSIONS = YES;
				CLANG_ANALYZER_NONNULL = YES;
				CLANG_ANALYZER_NUMBER_OBJECT_CONVERSION = YES_AGGRESSIVE;
				CLANG_CXX_LANGUAGE_STANDARD = "gnu++20";
				CLANG_ENABLE_MODULES = YES;
				CLANG_ENABLE_OBJC_ARC = YES;
				CLANG_ENABLE_OBJC_WEAK = YES;
				CLANG_WARN_BLOCK_CAPTURE_AUTORELEASING = YES;
				CLANG_WARN_BOOL_CONVERSION = YES;
				CLANG_WARN_COMMA = YES;
				CLANG_WARN_CONSTANT_CONVERSION = YES;
				CLANG_WARN_DEPRECATED_OBJC_IMPLEMENTATIONS = YES;
				CLANG_WARN_DIRECT_OBJC_ISA_USAGE = YES_ERROR;
				CLANG_WARN_DOCUMENTATION_COMMENTS = YES;
				CLANG_WARN_EMPTY_BODY = YES;
				CLANG_WARN_ENUM_CONVERSION = YES;
				CLANG_WARN_INFINITE_RECURSION = YES;
				CLANG_WARN_INT_CONVERSION = YES;
				CLANG_WARN_NON_LITERAL_NULL_CONVERSION = YES;
				CLANG_WARN_OBJC_IMPLICIT_RETAIN_SELF = YES;
				CLANG_WARN_OBJC_LITERAL_CONVERSION = YES;
				CLANG_WARN_OBJC_ROOT_CLASS = YES_ERROR;
				CLANG_WARN_QUOTED_INCLUDE_IN_FRAMEWORK_HEADER = YES;
				CLANG_WARN_RANGE_LOOP_ANALYSIS = YES;
				CLANG_WARN_STRICT_PROTOTYPES = YES;
				CLANG_WARN_SUSPICIOUS_MOVE = YES;
				CLANG_WARN_UNGUARDED_AVAILABILITY = YES_AGGRESSIVE;
				CLANG_WARN_UNREACHABLE_CODE = YES;
				CLANG_WARN__DUPLICATE_METHOD_MATCH = YES;
				COPY_PHASE_STRIP = NO;
				DEBUG_INFORMATION_FORMAT = "dwarf-with-dsym";
				DEVELOPMENT_TEAM = 45DX68AP4J;
				ENABLE_NS_ASSERTIONS = NO;
				ENABLE_STRICT_OBJC_MSGSEND = YES;
				ENABLE_USER_SCRIPT_SANDBOXING = YES;
				GCC_C_LANGUAGE_STANDARD = gnu17;
				GCC_NO_COMMON_BLOCKS = YES;
				GCC_WARN_64_TO_32_BIT_CONVERSION = YES;
				GCC_WARN_ABOUT_RETURN_TYPE = YES_ERROR;
				GCC_WARN_UNDECLARED_SELECTOR = YES;
				GCC_WARN_UNINITIALIZED_AUTOS = YES_AGGRESSIVE;
				GCC_WARN_UNUSED_FUNCTION = YES;
				GCC_WARN_UNUSED_VARIABLE = YES;
				IPHONEOS_DEPLOYMENT_TARGET = 26.0;
				LOCALIZATION_PREFERS_STRING_CATALOGS = YES;
				MTL_ENABLE_DEBUG_INFO = NO;
				MTL_FAST_MATH = YES;
				SDKROOT = iphoneos;
				SWIFT_COMPILATION_MODE = wholemodule;
				VALIDATE_PRODUCT = YES;
			};
			name = Release;
		};
/* End XCBuildConfiguration section */

/* Begin XCConfigurationList section */
		7DA51F122EC51FCF00923D5F /* Build configuration list for PBXProject "ICTMDBApp" */ = {
			isa = XCConfigurationList;
			buildConfigurations = (
				7DA51F2D2EC51FD100923D5F /* Debug */,
				7DA51F2E2EC51FD100923D5F /* Release */,
			);
			defaultConfigurationIsVisible = 0;
			defaultConfigurationName = Release;
		};
		7DA51F2A2EC51FD100923D5F /* Build configuration list for PBXNativeTarget "ICTMDBApp" */ = {
			isa = XCConfigurationList;
			buildConfigurations = (
				7DA51F2B2EC51FD100923D5F /* Debug */,
				7DA51F2C2EC51FD100923D5F /* Release */,
			);
			defaultConfigurationIsVisible = 0;
			defaultConfigurationName = Release;
		};
/* End XCConfigurationList section */

/* Begin XCRemoteSwiftPackageReference section */
		7D0220562F0D812700C587EA /* XCRemoteSwiftPackageReference "ICTMDBHomeModule" */ = {
			isa = XCRemoteSwiftPackageReference;
			repositoryURL = "https://github.com/engingulek/ICTMDBHomeModule";
			requirement = {
				kind = upToNextMajorVersion;
				minimumVersion = 0.1.0;
			};
		};
		7DDAA1682EC520C20005D94B /* XCRemoteSwiftPackageReference "HPDependencyKit" */ = {
			isa = XCRemoteSwiftPackageReference;
			repositoryURL = "https://github.com/engingulek/HPDependencyKit";
			requirement = {
				kind = upToNextMajorVersion;
				minimumVersion = 1.0.0;
			};
		};
		7DDAA16E2EC520FF0005D94B /* XCRemoteSwiftPackageReference "ICTMDBAllListModule" */ = {
			isa = XCRemoteSwiftPackageReference;
			repositoryURL = "https://github.com/engingulek/ICTMDBAllListModule";
			requirement = {
				kind = upToNextMajorVersion;
				minimumVersion = 0.0.2;
			};
		};
		7DDAA1712EC521160005D94B /* XCRemoteSwiftPackageReference "ICTMDBDetailModule" */ = {
			isa = XCRemoteSwiftPackageReference;
			repositoryURL = "https://github.com/engingulek/ICTMDBDetailModule";
			requirement = {
				kind = upToNextMajorVersion;
				minimumVersion = 0.0.1;
			};
		};
/* End XCRemoteSwiftPackageReference section */

/* Begin XCSwiftPackageProductDependency section */
		7D0220572F0D812700C587EA /* ICTMDBHomeModule */ = {
			isa = XCSwiftPackageProductDependency;
			package = 7D0220562F0D812700C587EA /* XCRemoteSwiftPackageReference "ICTMDBHomeModule" */;
			productName = ICTMDBHomeModule;
		};
		7DDAA1692EC520C20005D94B /* DependencyKit */ = {
			isa = XCSwiftPackageProductDependency;
			package = 7DDAA1682EC520C20005D94B /* XCRemoteSwiftPackageReference "HPDependencyKit" */;
			productName = DependencyKit;
		};
		7DDAA16F2EC520FF0005D94B /* ICTMDBAllListModule */ = {
			isa = XCSwiftPackageProductDependency;
			package = 7DDAA16E2EC520FF0005D94B /* XCRemoteSwiftPackageReference "ICTMDBAllListModule" */;
			productName = ICTMDBAllListModule;
		};
		7DDAA1722EC521160005D94B /* ICTMDBDetailModule */ = {
			isa = XCSwiftPackageProductDependency;
			package = 7DDAA1712EC521160005D94B /* XCRemoteSwiftPackageReference "ICTMDBDetailModule" */;
			productName = ICTMDBDetailModule;
		};
/* End XCSwiftPackageProductDependency section */
	};
	rootObject = 7DA51F0F2EC51FCF00923D5F /* Project object */;
}
